
Microsoft Visual Studio Solution File, Format Version 12.00
# Visual Studio 14
VisualStudioVersion = 14.0.25123.0
MinimumVisualStudioVersion = 10.0.40219.1
Project("{FAE04EC0-301F-11D3-BF4B-00C04F79EFBC}") = "hello-redis2", "hello-redis2\hello-redis2.csproj", "{0DFF164A-3595-42D2-BC1C-5FC258E18F7F}"
EndProject
Project("{FAE04EC0-301F-11D3-BF4B-00C04F79EFBC}") = "RedisAccess", "RedisAccess\RedisAccess.csproj", "{28AB6529-8106-4A3E-A278-CEB115013F0F}"
EndProject
Global
	GlobalSection(SolutionConfigurationPlatforms) = preSolution
		Debug|Any CPU = Debug|Any CPU
		Release|Any CPU = Release|Any CPU
	EndGlobalSection
	GlobalSection(ProjectConfigurationPlatforms) = postSolution
		{0DFF164A-3595-42D2-BC1C-5FC258E18F7F}.Debug|Any CPU.ActiveCfg = Debug|Any CPU
		{0DFF164A-3595-42D2-BC1C-5FC258E18F7F}.Debug|Any CPU.Build.0 = Debug|Any CPU
		{0DFF164A-3595-42D2-BC1C-5FC258E18F7F}.Release|Any CPU.ActiveCfg = Release|Any CPU
		{0DFF164A-3595-42D2-BC1C-5FC258E18F7F}.Release|Any CPU.Build.0 = Release|Any CPU
		{28AB6529-8106-4A3E-A278-CEB115013F0F}.Debug|Any CPU.ActiveCfg = Debug|Any CPU
		{28AB6529-8106-4A3E-A278-CEB115013F0F}.Debug|Any CPU.Build.0 = Debug|Any CPU
		{28AB6529-8106-4A3E-A278-CEB115013F0F}.Release|Any CPU.ActiveCfg = Release|Any CPU
		{28AB6529-8106-4A3E-A278-CEB115013F0F}.Release|Any CPU.Build.0 = Release|Any CPU
	EndGlobalSection
	GlobalSection(SolutionProperties) = preSolution
		HideSolutionNode = FALSE
	EndGlobalSection
EndGlobal
